
Microsoft Visual Studio Solution File, Format Version 12.00
# Visual Studio 15
VisualStudioVersion = 15.0.27703.2035
MinimumVisualStudioVersion = 10.0.40219.1
Project("{FAE04EC0-301F-11D3-BF4B-00C04F79EFBC}") = "prjCrediCardClient", "prjCrediCardClient\prjCrediCardClient.csproj", "{59995610-4ADA-4D0B-8763-A8F285DEDB19}"
EndProject
Global
	GlobalSection(SolutionConfigurationPlatforms) = preSolution
		Debug|Any CPU = Debug|Any CPU
		Release|Any CPU = Release|Any CPU
	EndGlobalSection
	GlobalSection(ProjectConfigurationPlatforms) = postSolution
		{59995610-4ADA-4D0B-8763-A8F285DEDB19}.Debug|Any CPU.ActiveCfg = Debug|Any CPU
		{59995610-4ADA-4D0B-8763-A8F285DEDB19}.Debug|Any CPU.Build.0 = Debug|Any CPU
		{59995610-4ADA-4D0B-8763-A8F285DEDB19}.Release|Any CPU.ActiveCfg = Release|Any CPU
		{59995610-4ADA-4D0B-8763-A8F285DEDB19}.Release|Any CPU.Build.0 = Release|Any CPU
	EndGlobalSection
	GlobalSection(SolutionProperties) = preSolution
		HideSolutionNode = FALSE
	EndGlobalSection
	GlobalSection(ExtensibilityGlobals) = postSolution
		SolutionGuid = {D94C75C6-20A8-4DF1-A0A3-507599AA1921}
	EndGlobalSection
EndGlobal
