
Microsoft Visual Studio Solution File, Format Version 12.00
# Visual Studio Version 16
VisualStudioVersion = 16.0.30907.101
MinimumVisualStudioVersion = 10.0.40219.1
Project("{FAE04EC0-301F-11D3-BF4B-00C04F79EFBC}") = "CardValidationDLL", "CardValidationDLL\CardValidationDLL.csproj", "{96CF0D31-98E5-4981-9702-55377BC2B040}"
EndProject
Project("{FAE04EC0-301F-11D3-BF4B-00C04F79EFBC}") = "CardClient", "CardClient\CardClient.csproj", "{5C591812-D4DD-404C-8D09-3723E136E554}"
EndProject
Global
	GlobalSection(SolutionConfigurationPlatforms) = preSolution
		Debug|Any CPU = Debug|Any CPU
		Release|Any CPU = Release|Any CPU
	EndGlobalSection
	GlobalSection(ProjectConfigurationPlatforms) = postSolution
		{96CF0D31-98E5-4981-9702-55377BC2B040}.Debug|Any CPU.ActiveCfg = Debug|Any CPU
		{96CF0D31-98E5-4981-9702-55377BC2B040}.Debug|Any CPU.Build.0 = Debug|Any CPU
		{96CF0D31-98E5-4981-9702-55377BC2B040}.Release|Any CPU.ActiveCfg = Release|Any CPU
		{96CF0D31-98E5-4981-9702-55377BC2B040}.Release|Any CPU.Build.0 = Release|Any CPU
		{5C591812-D4DD-404C-8D09-3723E136E554}.Debug|Any CPU.ActiveCfg = Debug|Any CPU
		{5C591812-D4DD-404C-8D09-3723E136E554}.Debug|Any CPU.Build.0 = Debug|Any CPU
		{5C591812-D4DD-404C-8D09-3723E136E554}.Release|Any CPU.ActiveCfg = Release|Any CPU
		{5C591812-D4DD-404C-8D09-3723E136E554}.Release|Any CPU.Build.0 = Release|Any CPU
	EndGlobalSection
	GlobalSection(SolutionProperties) = preSolution
		HideSolutionNode = FALSE
	EndGlobalSection
	GlobalSection(ExtensibilityGlobals) = postSolution
		SolutionGuid = {60A1C5FB-EF6C-49AF-8DA0-94ACD86E7EE5}
	EndGlobalSection
EndGlobal
